
Microsoft Visual Studio Solution File, Format Version 12.00
# Visual Studio Version 16
VisualStudioVersion = 16.0.33801.447
MinimumVisualStudioVersion = 10.0.40219.1
Project("{2150E333-8FDC-42A3-9474-1A3956D46DE8}") = "Datamining", "Datamining", "{7EC84696-2C7A-4D87-8D5E-A8EDE8C6CB89}"
EndProject
Project("{2150E333-8FDC-42A3-9474-1A3956D46DE8}") = "Dependencies", "Dependencies", "{D96B2EDB-756A-4A81-A253-708CF2928AB9}"
EndProject
Project("{2150E333-8FDC-42A3-9474-1A3956D46DE8}") = "Misc", "Misc", "{089C6DB0-B4D6-402A-8704-FF1F32957C48}"
EndProject
Project("{2150E333-8FDC-42A3-9474-1A3956D46DE8}") = "Starfield", "Starfield", "{3F3D77F1-2F86-431D-892E-E4BB67BDB8AF}"
EndProject
Project("{2150E333-8FDC-42A3-9474-1A3956D46DE8}") = "Tools", "Tools", "{71846508-CB82-4332-9229-FE7B19554024}"
EndProject
Project("{9A19103F-16F7-4668-BE54-9A1E7A4F7556}") = "DumpConditionFunctions", "projects\DumpConditionFunctions\DumpConditionFunctions.csproj", "{DBCE63A4-7071-416B-9A35-5689041C40FD}"
EndProject
Project("{9A19103F-16F7-4668-BE54-9A1E7A4F7556}") = "DumpLoadedPluginList", "projects\DumpLoadedPluginList\DumpLoadedPluginList.csproj", "{5CA73128-E26F-4F86-A3A3-979AC00DC4A1}"
EndProject
Project("{9A19103F-16F7-4668-BE54-9A1E7A4F7556}") = "DumpReflection", "projects\DumpReflection\DumpReflection.csproj", "{2E4A9417-91BC-4775-B445-D328F785710A}"
EndProject
Project("{9A19103F-16F7-4668-BE54-9A1E7A4F7556}") = "DumpWeaponProperties", "projects\DumpWeaponProperties\DumpWeaponProperties.csproj", "{9E6E590A-8BCC-4154-A300-FD4AEC437692}"
EndProject
Project("{9A19103F-16F7-4668-BE54-9A1E7A4F7556}") = "Gibbed.AddressLibrary", "projects\Gibbed.AddressLibrary\Gibbed.AddressLibrary.csproj", "{975AE106-60CF-4497-8C86-53E7BFEF899C}"
EndProject
Project("{9A19103F-16F7-4668-BE54-9A1E7A4F7556}") = "Gibbed.IO", "projects\Gibbed.IO\Gibbed.IO.csproj", "{9AB6B37A-EDA1-41E4-856D-6B17C86E3DA8}"
EndProject
Project("{9A19103F-16F7-4668-BE54-9A1E7A4F7556}") = "Gibbed.PortableExecutable", "projects\Gibbed.PortableExecutable\Gibbed.PortableExecutable.csproj", "{EFDA29E2-3635-4057-808B-524C35E9299F}"
EndProject
Project("{9A19103F-16F7-4668-BE54-9A1E7A4F7556}") = "Gibbed.Starfield.FileFormats", "projects\Gibbed.Starfield.FileFormats\Gibbed.Starfield.FileFormats.csproj", "{13313744-7218-4A79-BF3D-761C4E796726}"
EndProject
Project("{9A19103F-16F7-4668-BE54-9A1E7A4F7556}") = "Gibbed.Starfield.PluginFormats", "projects\Gibbed.Starfield.PluginFormats\Gibbed.Starfield.PluginFormats.csproj", "{EE0DDD13-9704-4547-BB03-0F9B2C0BBA3A}"
EndProject
Project("{9A19103F-16F7-4668-BE54-9A1E7A4F7556}") = "NDesk.Options", "projects\NDesk.Options\NDesk.Options.csproj", "{D1741943-5527-4B3D-BF81-3B786E5A1AB0}"
EndProject
Project("{9A19103F-16F7-4668-BE54-9A1E7A4F7556}") = "StarfieldDumping", "projects\StarfieldDumping\StarfieldDumping.csproj", "{9CEC9D6E-DFC5-4C3B-8DA1-9D3EB62771FC}"
EndProject
Global
	GlobalSection(SolutionConfigurationPlatforms) = preSolution
		Debug|Any CPU = Debug|Any CPU
		Release|Any CPU = Release|Any CPU
	EndGlobalSection
	GlobalSection(ProjectConfigurationPlatforms) = postSolution
		{13313744-7218-4A79-BF3D-761C4E796726}.Debug|Any CPU.ActiveCfg = Debug|Any CPU
		{13313744-7218-4A79-BF3D-761C4E796726}.Debug|Any CPU.Build.0 = Debug|Any CPU
		{13313744-7218-4A79-BF3D-761C4E796726}.Release|Any CPU.ActiveCfg = Release|Any CPU
		{13313744-7218-4A79-BF3D-761C4E796726}.Release|Any CPU.Build.0 = Release|Any CPU
		{2E4A9417-91BC-4775-B445-D328F785710A}.Debug|Any CPU.ActiveCfg = Debug|Any CPU
		{2E4A9417-91BC-4775-B445-D328F785710A}.Debug|Any CPU.Build.0 = Debug|Any CPU
		{2E4A9417-91BC-4775-B445-D328F785710A}.Release|Any CPU.ActiveCfg = Release|Any CPU
		{2E4A9417-91BC-4775-B445-D328F785710A}.Release|Any CPU.Build.0 = Release|Any CPU
		{5CA73128-E26F-4F86-A3A3-979AC00DC4A1}.Debug|Any CPU.ActiveCfg = Debug|Any CPU
		{5CA73128-E26F-4F86-A3A3-979AC00DC4A1}.Debug|Any CPU.Build.0 = Debug|Any CPU
		{5CA73128-E26F-4F86-A3A3-979AC00DC4A1}.Release|Any CPU.ActiveCfg = Release|Any CPU
		{5CA73128-E26F-4F86-A3A3-979AC00DC4A1}.Release|Any CPU.Build.0 = Release|Any CPU
		{975AE106-60CF-4497-8C86-53E7BFEF899C}.Debug|Any CPU.ActiveCfg = Debug|Any CPU
		{975AE106-60CF-4497-8C86-53E7BFEF899C}.Debug|Any CPU.Build.0 = Debug|Any CPU
		{975AE106-60CF-4497-8C86-53E7BFEF899C}.Release|Any CPU.ActiveCfg = Release|Any CPU
		{975AE106-60CF-4497-8C86-53E7BFEF899C}.Release|Any CPU.Build.0 = Release|Any CPU
		{9AB6B37A-EDA1-41E4-856D-6B17C86E3DA8}.Debug|Any CPU.ActiveCfg = Debug|Any CPU
		{9AB6B37A-EDA1-41E4-856D-6B17C86E3DA8}.Debug|Any CPU.Build.0 = Debug|Any CPU
		{9AB6B37A-EDA1-41E4-856D-6B17C86E3DA8}.Release|Any CPU.ActiveCfg = Release|Any CPU
		{9AB6B37A-EDA1-41E4-856D-6B17C86E3DA8}.Release|Any CPU.Build.0 = Release|Any CPU
		{9CEC9D6E-DFC5-4C3B-8DA1-9D3EB62771FC}.Debug|Any CPU.ActiveCfg = Debug|Any CPU
		{9CEC9D6E-DFC5-4C3B-8DA1-9D3EB62771FC}.Debug|Any CPU.Build.0 = Debug|Any CPU
		{9CEC9D6E-DFC5-4C3B-8DA1-9D3EB62771FC}.Release|Any CPU.ActiveCfg = Release|Any CPU
		{9CEC9D6E-DFC5-4C3B-8DA1-9D3EB62771FC}.Release|Any CPU.Build.0 = Release|Any CPU
		{9E6E590A-8BCC-4154-A300-FD4AEC437692}.Debug|Any CPU.ActiveCfg = Debug|Any CPU
		{9E6E590A-8BCC-4154-A300-FD4AEC437692}.Debug|Any CPU.Build.0 = Debug|Any CPU
		{9E6E590A-8BCC-4154-A300-FD4AEC437692}.Release|Any CPU.ActiveCfg = Release|Any CPU
		{9E6E590A-8BCC-4154-A300-FD4AEC437692}.Release|Any CPU.Build.0 = Release|Any CPU
		{D1741943-5527-4B3D-BF81-3B786E5A1AB0}.Debug|Any CPU.ActiveCfg = Debug|Any CPU
		{D1741943-5527-4B3D-BF81-3B786E5A1AB0}.Debug|Any CPU.Build.0 = Debug|Any CPU
		{D1741943-5527-4B3D-BF81-3B786E5A1AB0}.Release|Any CPU.ActiveCfg = Release|Any CPU
		{D1741943-5527-4B3D-BF81-3B786E5A1AB0}.Release|Any CPU.Build.0 = Release|Any CPU
		{DBCE63A4-7071-416B-9A35-5689041C40FD}.Debug|Any CPU.ActiveCfg = Debug|Any CPU
		{DBCE63A4-7071-416B-9A35-5689041C40FD}.Debug|Any CPU.Build.0 = Debug|Any CPU
		{DBCE63A4-7071-416B-9A35-5689041C40FD}.Release|Any CPU.ActiveCfg = Release|Any CPU
		{DBCE63A4-7071-416B-9A35-5689041C40FD}.Release|Any CPU.Build.0 = Release|Any CPU
		{EE0DDD13-9704-4547-BB03-0F9B2C0BBA3A}.Debug|Any CPU.ActiveCfg = Debug|Any CPU
		{EE0DDD13-9704-4547-BB03-0F9B2C0BBA3A}.Debug|Any CPU.Build.0 = Debug|Any CPU
		{EE0DDD13-9704-4547-BB03-0F9B2C0BBA3A}.Release|Any CPU.ActiveCfg = Release|Any CPU
		{EE0DDD13-9704-4547-BB03-0F9B2C0BBA3A}.Release|Any CPU.Build.0 = Release|Any CPU
		{EFDA29E2-3635-4057-808B-524C35E9299F}.Debug|Any CPU.ActiveCfg = Debug|Any CPU
		{EFDA29E2-3635-4057-808B-524C35E9299F}.Debug|Any CPU.Build.0 = Debug|Any CPU
		{EFDA29E2-3635-4057-808B-524C35E9299F}.Release|Any CPU.ActiveCfg = Release|Any CPU
		{EFDA29E2-3635-4057-808B-524C35E9299F}.Release|Any CPU.Build.0 = Release|Any CPU
	EndGlobalSection
	GlobalSection(SolutionProperties) = preSolution
		HideSolutionNode = FALSE
	EndGlobalSection
	GlobalSection(NestedProjects) = preSolution
		{089C6DB0-B4D6-402A-8704-FF1F32957C48} = {3F3D77F1-2F86-431D-892E-E4BB67BDB8AF}
		{13313744-7218-4A79-BF3D-761C4E796726} = {3F3D77F1-2F86-431D-892E-E4BB67BDB8AF}
		{2E4A9417-91BC-4775-B445-D328F785710A} = {7EC84696-2C7A-4D87-8D5E-A8EDE8C6CB89}
		{5CA73128-E26F-4F86-A3A3-979AC00DC4A1} = {7EC84696-2C7A-4D87-8D5E-A8EDE8C6CB89}
		{71846508-CB82-4332-9229-FE7B19554024} = {3F3D77F1-2F86-431D-892E-E4BB67BDB8AF}
		{7EC84696-2C7A-4D87-8D5E-A8EDE8C6CB89} = {3F3D77F1-2F86-431D-892E-E4BB67BDB8AF}
		{975AE106-60CF-4497-8C86-53E7BFEF899C} = {D96B2EDB-756A-4A81-A253-708CF2928AB9}
		{9AB6B37A-EDA1-41E4-856D-6B17C86E3DA8} = {D96B2EDB-756A-4A81-A253-708CF2928AB9}
		{9CEC9D6E-DFC5-4C3B-8DA1-9D3EB62771FC} = {7EC84696-2C7A-4D87-8D5E-A8EDE8C6CB89}
		{9E6E590A-8BCC-4154-A300-FD4AEC437692} = {7EC84696-2C7A-4D87-8D5E-A8EDE8C6CB89}
		{D1741943-5527-4B3D-BF81-3B786E5A1AB0} = {D96B2EDB-756A-4A81-A253-708CF2928AB9}
		{DBCE63A4-7071-416B-9A35-5689041C40FD} = {7EC84696-2C7A-4D87-8D5E-A8EDE8C6CB89}
		{EE0DDD13-9704-4547-BB03-0F9B2C0BBA3A} = {3F3D77F1-2F86-431D-892E-E4BB67BDB8AF}
		{EFDA29E2-3635-4057-808B-524C35E9299F} = {D96B2EDB-756A-4A81-A253-708CF2928AB9}
	EndGlobalSection
	GlobalSection(ExtensibilityGlobals) = postSolution
		SolutionGuid = {613240A8-7F4F-4592-B56F-7EDC4DAB6C91}
	EndGlobalSection
EndGlobal
